
Microsoft Visual Studio Solution File, Format Version 12.00
# Visual Studio Version 17
VisualStudioVersion = 17.5.33516.290
MinimumVisualStudioVersion = 10.0.40219.1
Project("{9A19103F-16F7-4668-BE54-9A1E7A4F7556}") = "PZ_01", "PZ_01\PZ_01.csproj", "{3CEEF1AD-0842-401E-B9B3-482E826117C7}"
EndProject
Project("{9A19103F-16F7-4668-BE54-9A1E7A4F7556}") = "PZ_02", "PZ_02\PZ_02.csproj", "{F88F6EBF-C3A3-4086-A62C-54C72892F36C}"
EndProject
Project("{9A19103F-16F7-4668-BE54-9A1E7A4F7556}") = "PZ_03", "PZ_03\PZ_03.csproj", "{C71DFBC6-FB5C-4860-AC42-EB727A917C82}"
EndProject
Project("{9A19103F-16F7-4668-BE54-9A1E7A4F7556}") = "PZ_04", "PZ_04\PZ_04.csproj", "{98AE2F2B-D72A-4671-8998-C8EB95E9D8D3}"
EndProject
Project("{9A19103F-16F7-4668-BE54-9A1E7A4F7556}") = "PZ_05", "PZ_05\PZ_05.csproj", "{77C388F5-FB7C-4177-8337-DD2984F19A74}"
EndProject
Project("{9A19103F-16F7-4668-BE54-9A1E7A4F7556}") = "PZ_06", "PZ_06\PZ_06.csproj", "{A7B94AAB-497F-494D-9F55-EBD82FB43A93}"
EndProject
Project("{9A19103F-16F7-4668-BE54-9A1E7A4F7556}") = "PZ_07", "PZ_07\PZ_07.csproj", "{3F640358-CDB1-40AC-9735-E0C5B096724E}"
EndProject
Project("{9A19103F-16F7-4668-BE54-9A1E7A4F7556}") = "PZ_08", "PZ_08\PZ_08.csproj", "{82D2A8B2-E9FF-4194-B5AA-AED9FF547818}"
EndProject
Project("{9A19103F-16F7-4668-BE54-9A1E7A4F7556}") = "PZ_09", "PZ_09\PZ_09.csproj", "{443976FD-C356-47C6-A018-AC9C72E53D75}"
EndProject
Project("{9A19103F-16F7-4668-BE54-9A1E7A4F7556}") = "PZ_10", "PZ_10\PZ_10.csproj", "{06220D2B-4446-45C4-AF2D-542B9DB129D3}"
EndProject
Project("{9A19103F-16F7-4668-BE54-9A1E7A4F7556}") = "PZ_11", "PZ_11\PZ_11.csproj", "{55E5BAEC-E300-491A-BE71-685A1699BC22}"
EndProject
Project("{9A19103F-16F7-4668-BE54-9A1E7A4F7556}") = "PZ_12", "PZ_12\PZ_12.csproj", "{A56F8555-9B54-4745-9C38-91348AA11DF2}"
EndProject
Project("{9A19103F-16F7-4668-BE54-9A1E7A4F7556}") = "PZ_13", "PZ_13\PZ_13.csproj", "{823388A0-AD5C-4C27-A5B7-C6B343C197AD}"
EndProject
Project("{9A19103F-16F7-4668-BE54-9A1E7A4F7556}") = "PZ_14", "PZ_14\PZ_14.csproj", "{C68FCC16-4EC2-48C3-9A2A-299ADD12DEDE}"
EndProject
Project("{9A19103F-16F7-4668-BE54-9A1E7A4F7556}") = "PZ_15", "PZ_15\PZ_15.csproj", "{278672EE-CE46-4D77-9CD2-894FA28AA93A}"
EndProject
Project("{9A19103F-16F7-4668-BE54-9A1E7A4F7556}") = "consoleProject", "..\..\..\Desktop\17-0MoonSon0-master\consoleProject\consoleProject.csproj", "{5AE47B71-BA2A-47CD-8A60-FC86670AB2CC}"
EndProject
Project("{9A19103F-16F7-4668-BE54-9A1E7A4F7556}") = "Calculate", "..\..\..\Desktop\калькулятор супер пупер\Calculate\Calculate.csproj", "{5F1DE2E6-B45E-48BF-93B3-81CCCBEEF54C}"
EndProject
Global
	GlobalSection(SolutionConfigurationPlatforms) = preSolution
		Debug|Any CPU = Debug|Any CPU
		Release|Any CPU = Release|Any CPU
	EndGlobalSection
	GlobalSection(ProjectConfigurationPlatforms) = postSolution
		{3CEEF1AD-0842-401E-B9B3-482E826117C7}.Debug|Any CPU.ActiveCfg = Debug|Any CPU
		{3CEEF1AD-0842-401E-B9B3-482E826117C7}.Debug|Any CPU.Build.0 = Debug|Any CPU
		{3CEEF1AD-0842-401E-B9B3-482E826117C7}.Release|Any CPU.ActiveCfg = Release|Any CPU
		{3CEEF1AD-0842-401E-B9B3-482E826117C7}.Release|Any CPU.Build.0 = Release|Any CPU
		{F88F6EBF-C3A3-4086-A62C-54C72892F36C}.Debug|Any CPU.ActiveCfg = Debug|Any CPU
		{F88F6EBF-C3A3-4086-A62C-54C72892F36C}.Debug|Any CPU.Build.0 = Debug|Any CPU
		{F88F6EBF-C3A3-4086-A62C-54C72892F36C}.Release|Any CPU.ActiveCfg = Release|Any CPU
		{F88F6EBF-C3A3-4086-A62C-54C72892F36C}.Release|Any CPU.Build.0 = Release|Any CPU
		{C71DFBC6-FB5C-4860-AC42-EB727A917C82}.Debug|Any CPU.ActiveCfg = Debug|Any CPU
		{C71DFBC6-FB5C-4860-AC42-EB727A917C82}.Debug|Any CPU.Build.0 = Debug|Any CPU
		{C71DFBC6-FB5C-4860-AC42-EB727A917C82}.Release|Any CPU.ActiveCfg = Release|Any CPU
		{C71DFBC6-FB5C-4860-AC42-EB727A917C82}.Release|Any CPU.Build.0 = Release|Any CPU
		{98AE2F2B-D72A-4671-8998-C8EB95E9D8D3}.Debug|Any CPU.ActiveCfg = Debug|Any CPU
		{98AE2F2B-D72A-4671-8998-C8EB95E9D8D3}.Debug|Any CPU.Build.0 = Debug|Any CPU
		{98AE2F2B-D72A-4671-8998-C8EB95E9D8D3}.Release|Any CPU.ActiveCfg = Release|Any CPU
		{98AE2F2B-D72A-4671-8998-C8EB95E9D8D3}.Release|Any CPU.Build.0 = Release|Any CPU
		{77C388F5-FB7C-4177-8337-DD2984F19A74}.Debug|Any CPU.ActiveCfg = Debug|Any CPU
		{77C388F5-FB7C-4177-8337-DD2984F19A74}.Debug|Any CPU.Build.0 = Debug|Any CPU
		{77C388F5-FB7C-4177-8337-DD2984F19A74}.Release|Any CPU.ActiveCfg = Release|Any CPU
		{77C388F5-FB7C-4177-8337-DD2984F19A74}.Release|Any CPU.Build.0 = Release|Any CPU
		{A7B94AAB-497F-494D-9F55-EBD82FB43A93}.Debug|Any CPU.ActiveCfg = Debug|Any CPU
		{A7B94AAB-497F-494D-9F55-EBD82FB43A93}.Debug|Any CPU.Build.0 = Debug|Any CPU
		{A7B94AAB-497F-494D-9F55-EBD82FB43A93}.Release|Any CPU.ActiveCfg = Release|Any CPU
		{A7B94AAB-497F-494D-9F55-EBD82FB43A93}.Release|Any CPU.Build.0 = Release|Any CPU
		{3F640358-CDB1-40AC-9735-E0C5B096724E}.Debug|Any CPU.ActiveCfg = Debug|Any CPU
		{3F640358-CDB1-40AC-9735-E0C5B096724E}.Debug|Any CPU.Build.0 = Debug|Any CPU
		{3F640358-CDB1-40AC-9735-E0C5B096724E}.Release|Any CPU.ActiveCfg = Release|Any CPU
		{3F640358-CDB1-40AC-9735-E0C5B096724E}.Release|Any CPU.Build.0 = Release|Any CPU
		{82D2A8B2-E9FF-4194-B5AA-AED9FF547818}.Debug|Any CPU.ActiveCfg = Debug|Any CPU
		{82D2A8B2-E9FF-4194-B5AA-AED9FF547818}.Debug|Any CPU.Build.0 = Debug|Any CPU
		{82D2A8B2-E9FF-4194-B5AA-AED9FF547818}.Release|Any CPU.ActiveCfg = Release|Any CPU
		{82D2A8B2-E9FF-4194-B5AA-AED9FF547818}.Release|Any CPU.Build.0 = Release|Any CPU
		{443976FD-C356-47C6-A018-AC9C72E53D75}.Debug|Any CPU.ActiveCfg = Debug|Any CPU
		{443976FD-C356-47C6-A018-AC9C72E53D75}.Debug|Any CPU.Build.0 = Debug|Any CPU
		{443976FD-C356-47C6-A018-AC9C72E53D75}.Release|Any CPU.ActiveCfg = Release|Any CPU
		{443976FD-C356-47C6-A018-AC9C72E53D75}.Release|Any CPU.Build.0 = Release|Any CPU
		{06220D2B-4446-45C4-AF2D-542B9DB129D3}.Debug|Any CPU.ActiveCfg = Debug|Any CPU
		{06220D2B-4446-45C4-AF2D-542B9DB129D3}.Debug|Any CPU.Build.0 = Debug|Any CPU
		{06220D2B-4446-45C4-AF2D-542B9DB129D3}.Release|Any CPU.ActiveCfg = Release|Any CPU
		{06220D2B-4446-45C4-AF2D-542B9DB129D3}.Release|Any CPU.Build.0 = Release|Any CPU
		{55E5BAEC-E300-491A-BE71-685A1699BC22}.Debug|Any CPU.ActiveCfg = Debug|Any CPU
		{55E5BAEC-E300-491A-BE71-685A1699BC22}.Debug|Any CPU.Build.0 = Debug|Any CPU
		{55E5BAEC-E300-491A-BE71-685A1699BC22}.Release|Any CPU.ActiveCfg = Release|Any CPU
		{55E5BAEC-E300-491A-BE71-685A1699BC22}.Release|Any CPU.Build.0 = Release|Any CPU
		{A56F8555-9B54-4745-9C38-91348AA11DF2}.Debug|Any CPU.ActiveCfg = Debug|Any CPU
		{A56F8555-9B54-4745-9C38-91348AA11DF2}.Debug|Any CPU.Build.0 = Debug|Any CPU
		{A56F8555-9B54-4745-9C38-91348AA11DF2}.Release|Any CPU.ActiveCfg = Release|Any CPU
		{A56F8555-9B54-4745-9C38-91348AA11DF2}.Release|Any CPU.Build.0 = Release|Any CPU
		{823388A0-AD5C-4C27-A5B7-C6B343C197AD}.Debug|Any CPU.ActiveCfg = Debug|Any CPU
		{823388A0-AD5C-4C27-A5B7-C6B343C197AD}.Debug|Any CPU.Build.0 = Debug|Any CPU
		{823388A0-AD5C-4C27-A5B7-C6B343C197AD}.Release|Any CPU.ActiveCfg = Release|Any CPU
		{823388A0-AD5C-4C27-A5B7-C6B343C197AD}.Release|Any CPU.Build.0 = Release|Any CPU
		{C68FCC16-4EC2-48C3-9A2A-299ADD12DEDE}.Debug|Any CPU.ActiveCfg = Debug|Any CPU
		{C68FCC16-4EC2-48C3-9A2A-299ADD12DEDE}.Debug|Any CPU.Build.0 = Debug|Any CPU
		{C68FCC16-4EC2-48C3-9A2A-299ADD12DEDE}.Release|Any CPU.ActiveCfg = Release|Any CPU
		{C68FCC16-4EC2-48C3-9A2A-299ADD12DEDE}.Release|Any CPU.Build.0 = Release|Any CPU
		{278672EE-CE46-4D77-9CD2-894FA28AA93A}.Debug|Any CPU.ActiveCfg = Debug|Any CPU
		{278672EE-CE46-4D77-9CD2-894FA28AA93A}.Debug|Any CPU.Build.0 = Debug|Any CPU
		{278672EE-CE46-4D77-9CD2-894FA28AA93A}.Release|Any CPU.ActiveCfg = Release|Any CPU
		{278672EE-CE46-4D77-9CD2-894FA28AA93A}.Release|Any CPU.Build.0 = Release|Any CPU
		{5AE47B71-BA2A-47CD-8A60-FC86670AB2CC}.Debug|Any CPU.ActiveCfg = Debug|Any CPU
		{5AE47B71-BA2A-47CD-8A60-FC86670AB2CC}.Debug|Any CPU.Build.0 = Debug|Any CPU
		{5AE47B71-BA2A-47CD-8A60-FC86670AB2CC}.Release|Any CPU.ActiveCfg = Release|Any CPU
		{5AE47B71-BA2A-47CD-8A60-FC86670AB2CC}.Release|Any CPU.Build.0 = Release|Any CPU
		{5F1DE2E6-B45E-48BF-93B3-81CCCBEEF54C}.Debug|Any CPU.ActiveCfg = Debug|Any CPU
		{5F1DE2E6-B45E-48BF-93B3-81CCCBEEF54C}.Debug|Any CPU.Build.0 = Debug|Any CPU
		{5F1DE2E6-B45E-48BF-93B3-81CCCBEEF54C}.Release|Any CPU.ActiveCfg = Release|Any CPU
		{5F1DE2E6-B45E-48BF-93B3-81CCCBEEF54C}.Release|Any CPU.Build.0 = Release|Any CPU
	EndGlobalSection
	GlobalSection(SolutionProperties) = preSolution
		HideSolutionNode = FALSE
	EndGlobalSection
	GlobalSection(ExtensibilityGlobals) = postSolution
		SolutionGuid = {98EE541E-D8D4-469B-B420-8A0FAC2E1388}
	EndGlobalSection
EndGlobal
