
Microsoft Visual Studio Solution File, Format Version 12.00
# Visual Studio Version 17
VisualStudioVersion = 17.5.33516.290
MinimumVisualStudioVersion = 10.0.40219.1
Project("{9A19103F-16F7-4668-BE54-9A1E7A4F7556}") = "PZ_01", "PZ_01\PZ_01.csproj", "{3CEEF1AD-0842-401E-B9B3-482E826117C7}"
EndProject
Project("{9A19103F-16F7-4668-BE54-9A1E7A4F7556}") = "PZ_02", "PZ_02\PZ_02.csproj", "{F88F6EBF-C3A3-4086-A62C-54C72892F36C}"
EndProject
Project("{9A19103F-16F7-4668-BE54-9A1E7A4F7556}") = "PZ_03", "PZ_03\PZ_03.csproj", "{C71DFBC6-FB5C-4860-AC42-EB727A917C82}"
EndProject
Project("{9A19103F-16F7-4668-BE54-9A1E7A4F7556}") = "PZ_04", "PZ_04\PZ_04.csproj", "{98AE2F2B-D72A-4671-8998-C8EB95E9D8D3}"
EndProject
Project("{FAE04EC0-301F-11D3-BF4B-00C04F79EFBC}") = "PZ_05", "PZ_05\PZ_05.csproj", "{77C388F5-FB7C-4177-8337-DD2984F19A74}"
EndProject
Global
	GlobalSection(SolutionConfigurationPlatforms) = preSolution
		Debug|Any CPU = Debug|Any CPU
		Release|Any CPU = Release|Any CPU
	EndGlobalSection
	GlobalSection(ProjectConfigurationPlatforms) = postSolution
		{3CEEF1AD-0842-401E-B9B3-482E826117C7}.Debug|Any CPU.ActiveCfg = Debug|Any CPU
		{3CEEF1AD-0842-401E-B9B3-482E826117C7}.Debug|Any CPU.Build.0 = Debug|Any CPU
		{3CEEF1AD-0842-401E-B9B3-482E826117C7}.Release|Any CPU.ActiveCfg = Release|Any CPU
		{3CEEF1AD-0842-401E-B9B3-482E826117C7}.Release|Any CPU.Build.0 = Release|Any CPU
		{F88F6EBF-C3A3-4086-A62C-54C72892F36C}.Debug|Any CPU.ActiveCfg = Debug|Any CPU
		{F88F6EBF-C3A3-4086-A62C-54C72892F36C}.Debug|Any CPU.Build.0 = Debug|Any CPU
		{F88F6EBF-C3A3-4086-A62C-54C72892F36C}.Release|Any CPU.ActiveCfg = Release|Any CPU
		{F88F6EBF-C3A3-4086-A62C-54C72892F36C}.Release|Any CPU.Build.0 = Release|Any CPU
		{C71DFBC6-FB5C-4860-AC42-EB727A917C82}.Debug|Any CPU.ActiveCfg = Debug|Any CPU
		{C71DFBC6-FB5C-4860-AC42-EB727A917C82}.Debug|Any CPU.Build.0 = Debug|Any CPU
		{C71DFBC6-FB5C-4860-AC42-EB727A917C82}.Release|Any CPU.ActiveCfg = Release|Any CPU
		{C71DFBC6-FB5C-4860-AC42-EB727A917C82}.Release|Any CPU.Build.0 = Release|Any CPU
		{98AE2F2B-D72A-4671-8998-C8EB95E9D8D3}.Debug|Any CPU.ActiveCfg = Debug|Any CPU
		{98AE2F2B-D72A-4671-8998-C8EB95E9D8D3}.Debug|Any CPU.Build.0 = Debug|Any CPU
		{98AE2F2B-D72A-4671-8998-C8EB95E9D8D3}.Release|Any CPU.ActiveCfg = Release|Any CPU
		{98AE2F2B-D72A-4671-8998-C8EB95E9D8D3}.Release|Any CPU.Build.0 = Release|Any CPU
		{77C388F5-FB7C-4177-8337-DD2984F19A74}.Debug|Any CPU.ActiveCfg = Debug|Any CPU
		{77C388F5-FB7C-4177-8337-DD2984F19A74}.Debug|Any CPU.Build.0 = Debug|Any CPU
		{77C388F5-FB7C-4177-8337-DD2984F19A74}.Release|Any CPU.ActiveCfg = Release|Any CPU
		{77C388F5-FB7C-4177-8337-DD2984F19A74}.Release|Any CPU.Build.0 = Release|Any CPU
	EndGlobalSection
	GlobalSection(SolutionProperties) = preSolution
		HideSolutionNode = FALSE
	EndGlobalSection
	GlobalSection(ExtensibilityGlobals) = postSolution
		SolutionGuid = {98EE541E-D8D4-469B-B420-8A0FAC2E1388}
	EndGlobalSection
EndGlobal
